
Microsoft Visual Studio Solution File, Format Version 12.00
# Visual Studio Version 17
VisualStudioVersion = 17.6.33815.320
MinimumVisualStudioVersion = 10.0.40219.1
Project("{FAE04EC0-301F-11D3-BF4B-00C04F79EFBC}") = "c# array", "c# array.csproj", "{51E41E08-1CD3-414D-8D31-A998AB0C1A8C}"
EndProject
Global
	GlobalSection(SolutionConfigurationPlatforms) = preSolution
		Debug|Any CPU = Debug|Any CPU
		Release|Any CPU = Release|Any CPU
	EndGlobalSection
	GlobalSection(ProjectConfigurationPlatforms) = postSolution
		{51E41E08-1CD3-414D-8D31-A998AB0C1A8C}.Debug|Any CPU.ActiveCfg = Debug|Any CPU
		{51E41E08-1CD3-414D-8D31-A998AB0C1A8C}.Debug|Any CPU.Build.0 = Debug|Any CPU
		{51E41E08-1CD3-414D-8D31-A998AB0C1A8C}.Release|Any CPU.ActiveCfg = Release|Any CPU
		{51E41E08-1CD3-414D-8D31-A998AB0C1A8C}.Release|Any CPU.Build.0 = Release|Any CPU
	EndGlobalSection
	GlobalSection(SolutionProperties) = preSolution
		HideSolutionNode = FALSE
	EndGlobalSection
	GlobalSection(ExtensibilityGlobals) = postSolution
		SolutionGuid = {0BF94219-379C-4D25-9655-85F6D0D4508B}
	EndGlobalSection
EndGlobal
